
Microsoft Visual Studio Solution File, Format Version 12.00
# Visual Studio Version 16
VisualStudioVersion = 16.0.31205.134
MinimumVisualStudioVersion = 10.0.40219.1
Project("{FAE04EC0-301F-11D3-BF4B-00C04F79EFBC}") = "UpdatePractice", "UpdatePractice\UpdatePractice.csproj", "{BC46E7E4-3B7E-45E8-9C44-8599E0328B0C}"
EndProject
Global
	GlobalSection(SolutionConfigurationPlatforms) = preSolution
		Debug|Any CPU = Debug|Any CPU
		Release|Any CPU = Release|Any CPU
	EndGlobalSection
	GlobalSection(ProjectConfigurationPlatforms) = postSolution
		{BC46E7E4-3B7E-45E8-9C44-8599E0328B0C}.Debug|Any CPU.ActiveCfg = Debug|Any CPU
		{BC46E7E4-3B7E-45E8-9C44-8599E0328B0C}.Debug|Any CPU.Build.0 = Debug|Any CPU
		{BC46E7E4-3B7E-45E8-9C44-8599E0328B0C}.Release|Any CPU.ActiveCfg = Release|Any CPU
		{BC46E7E4-3B7E-45E8-9C44-8599E0328B0C}.Release|Any CPU.Build.0 = Release|Any CPU
	EndGlobalSection
	GlobalSection(SolutionProperties) = preSolution
		HideSolutionNode = FALSE
	EndGlobalSection
	GlobalSection(ExtensibilityGlobals) = postSolution
		SolutionGuid = {D3E39A77-D0C4-4F2C-8047-5B35F7667669}
	EndGlobalSection
EndGlobal
